
Microsoft Visual Studio Solution File, Format Version 12.00
# Visual Studio 15
VisualStudioVersion = 15.0.27428.2043
MinimumVisualStudioVersion = 10.0.40219.1
Project("{FAE04EC0-301F-11D3-BF4B-00C04F79EFBC}") = "FirstApp", "FirstApp\FirstApp.csproj", "{D883C8D4-B4BC-4994-B695-7EDCE29B2317}"
EndProject
Global
	GlobalSection(SolutionConfigurationPlatforms) = preSolution
		Debug|Any CPU = Debug|Any CPU
		Release|Any CPU = Release|Any CPU
	EndGlobalSection
	GlobalSection(ProjectConfigurationPlatforms) = postSolution
		{D883C8D4-B4BC-4994-B695-7EDCE29B2317}.Debug|Any CPU.ActiveCfg = Debug|Any CPU
		{D883C8D4-B4BC-4994-B695-7EDCE29B2317}.Debug|Any CPU.Build.0 = Debug|Any CPU
		{D883C8D4-B4BC-4994-B695-7EDCE29B2317}.Release|Any CPU.ActiveCfg = Release|Any CPU
		{D883C8D4-B4BC-4994-B695-7EDCE29B2317}.Release|Any CPU.Build.0 = Release|Any CPU
	EndGlobalSection
	GlobalSection(SolutionProperties) = preSolution
		HideSolutionNode = FALSE
	EndGlobalSection
	GlobalSection(ExtensibilityGlobals) = postSolution
		SolutionGuid = {E9FCF62F-5159-4794-8523-DE483C7F3399}
	EndGlobalSection
EndGlobal
